// !$*UTF8*$!
{
	archiveVersion = 1;
	classes = {
	};
	objectVersion = 46;
	objects = {

/* Begin PBXBuildFile section */
		60B31AAA1D78A563001755E1 /* AppDelegate.swift in Sources */ = {isa = PBXBuildFile; fileRef = 60B31AA91D78A563001755E1 /* AppDelegate.swift */; };
		60B31AAC1D78A563001755E1 /* MainVC.swift in Sources */ = {isa = PBXBuildFile; fileRef = 60B31AAB1D78A563001755E1 /* MainVC.swift */; };
		60B31AAF1D78A563001755E1 /* Main.storyboard in Resources */ = {isa = PBXBuildFile; fileRef = 60B31AAD1D78A563001755E1 /* Main.storyboard */; };
		60B31AB21D78A563001755E1 /* DreamLister.xcdatamodeld in Sources */ = {isa = PBXBuildFile; fileRef = 60B31AB01D78A563001755E1 /* DreamLister.xcdatamodeld */; };
		60B31AB41D78A563001755E1 /* Assets.xcassets in Resources */ = {isa = PBXBuildFile; fileRef = 60B31AB31D78A563001755E1 /* Assets.xcassets */; };
		60B31AB71D78A563001755E1 /* LaunchScreen.storyboard in Resources */ = {isa = PBXBuildFile; fileRef = 60B31AB51D78A563001755E1 /* LaunchScreen.storyboard */; };
		60B31AC61D78A8DC001755E1 /* Image+CoreDataClass.swift in Sources */ = {isa = PBXBuildFile; fileRef = 60B31ABE1D78A8DC001755E1 /* Image+CoreDataClass.swift */; };
		60B31AC71D78A8DC001755E1 /* Image+CoreDataProperties.swift in Sources */ = {isa = PBXBuildFile; fileRef = 60B31ABF1D78A8DC001755E1 /* Image+CoreDataProperties.swift */; };
		60B31AC81D78A8DC001755E1 /* Store+CoreDataClass.swift in Sources */ = {isa = PBXBuildFile; fileRef = 60B31AC01D78A8DC001755E1 /* Store+CoreDataClass.swift */; };
		60B31AC91D78A8DC001755E1 /* Store+CoreDataProperties.swift in Sources */ = {isa = PBXBuildFile; fileRef = 60B31AC11D78A8DC001755E1 /* Store+CoreDataProperties.swift */; };
		60B31ACA1D78A8DC001755E1 /* Item+CoreDataClass.swift in Sources */ = {isa = PBXBuildFile; fileRef = 60B31AC21D78A8DC001755E1 /* Item+CoreDataClass.swift */; };
		60B31ACB1D78A8DC001755E1 /* Item+CoreDataProperties.swift in Sources */ = {isa = PBXBuildFile; fileRef = 60B31AC31D78A8DC001755E1 /* Item+CoreDataProperties.swift */; };
		60B31ACC1D78A8DC001755E1 /* ItemType+CoreDataClass.swift in Sources */ = {isa = PBXBuildFile; fileRef = 60B31AC41D78A8DC001755E1 /* ItemType+CoreDataClass.swift */; };
		60B31ACD1D78A8DC001755E1 /* ItemType+CoreDataProperties.swift in Sources */ = {isa = PBXBuildFile; fileRef = 60B31AC51D78A8DC001755E1 /* ItemType+CoreDataProperties.swift */; };
		60B31AD21D78AE2C001755E1 /* MaterialView.swift in Sources */ = {isa = PBXBuildFile; fileRef = 60B31AD11D78AE2C001755E1 /* MaterialView.swift */; };
		60B31AD41D78B002001755E1 /* ItemCell.swift in Sources */ = {isa = PBXBuildFile; fileRef = 60B31AD31D78B002001755E1 /* ItemCell.swift */; };
		60C981C51D78CFCE003F5679 /* ItemDetailsVC.swift in Sources */ = {isa = PBXBuildFile; fileRef = 60C981C41D78CFCE003F5679 /* ItemDetailsVC.swift */; };
		60C981C71D78D273003F5679 /* CustomTextField.swift in Sources */ = {isa = PBXBuildFile; fileRef = 60C981C61D78D273003F5679 /* CustomTextField.swift */; };
/* End PBXBuildFile section */

/* Begin PBXFileReference section */
		60B31AA61D78A562001755E1 /* DreamLister.app */ = {isa = PBXFileReference; explicitFileType = wrapper.application; includeInIndex = 0; path = DreamLister.app; sourceTree = BUILT_PRODUCTS_DIR; };
		60B31AA91D78A563001755E1 /* AppDelegate.swift */ = {isa = PBXFileReference; lastKnownFileType = sourcecode.swift; path = AppDelegate.swift; sourceTree = "<group>"; };
		60B31AAB1D78A563001755E1 /* MainVC.swift */ = {isa = PBXFileReference; lastKnownFileType = sourcecode.swift; path = MainVC.swift; sourceTree = "<group>"; };
		60B31AAE1D78A563001755E1 /* Base */ = {isa = PBXFileReference; lastKnownFileType = file.storyboard; name = Base; path = Base.lproj/Main.storyboard; sourceTree = "<group>"; };
		60B31AB11D78A563001755E1 /* DreamLister.xcdatamodel */ = {isa = PBXFileReference; lastKnownFileType = wrapper.xcdatamodel; path = DreamLister.xcdatamodel; sourceTree = "<group>"; };
		60B31AB31D78A563001755E1 /* Assets.xcassets */ = {isa = PBXFileReference; lastKnownFileType = folder.assetcatalog; path = Assets.xcassets; sourceTree = "<group>"; };
		60B31AB61D78A563001755E1 /* Base */ = {isa = PBXFileReference; lastKnownFileType = file.storyboard; name = Base; path = Base.lproj/LaunchScreen.storyboard; sourceTree = "<group>"; };
		60B31AB81D78A563001755E1 /* Info.plist */ = {isa = PBXFileReference; lastKnownFileType = text.plist.xml; path = Info.plist; sourceTree = "<group>"; };
		60B31ABE1D78A8DC001755E1 /* Image+CoreDataClass.swift */ = {isa = PBXFileReference; fileEncoding = 4; lastKnownFileType = sourcecode.swift; path = "Image+CoreDataClass.swift"; sourceTree = "<group>"; };
		60B31ABF1D78A8DC001755E1 /* Image+CoreDataProperties.swift */ = {isa = PBXFileReference; fileEncoding = 4; lastKnownFileType = sourcecode.swift; path = "Image+CoreDataProperties.swift"; sourceTree = "<group>"; };
		60B31AC01D78A8DC001755E1 /* Store+CoreDataClass.swift */ = {isa = PBXFileReference; fileEncoding = 4; lastKnownFileType = sourcecode.swift; path = "Store+CoreDataClass.swift"; sourceTree = "<group>"; };
		60B31AC11D78A8DC001755E1 /* Store+CoreDataProperties.swift */ = {isa = PBXFileReference; fileEncoding = 4; lastKnownFileType = sourcecode.swift; path = "Store+CoreDataProperties.swift"; sourceTree = "<group>"; };
		60B31AC21D78A8DC001755E1 /* Item+CoreDataClass.swift */ = {isa = PBXFileReference; fileEncoding = 4; lastKnownFileType = sourcecode.swift; path = "Item+CoreDataClass.swift"; sourceTree = "<group>"; };
		60B31AC31D78A8DC001755E1 /* Item+CoreDataProperties.swift */ = {isa = PBXFileReference; fileEncoding = 4; lastKnownFileType = sourcecode.swift; path = "Item+CoreDataProperties.swift"; sourceTree = "<group>"; };
		60B31AC41D78A8DC001755E1 /* ItemType+CoreDataClass.swift */ = {isa = PBXFileReference; fileEncoding = 4; lastKnownFileType = sourcecode.swift; path = "ItemType+CoreDataClass.swift"; sourceTree = "<group>"; };
		60B31AC51D78A8DC001755E1 /* ItemType+CoreDataProperties.swift */ = {isa = PBXFileReference; fileEncoding = 4; lastKnownFileType = sourcecode.swift; path = "ItemType+CoreDataProperties.swift"; sourceTree = "<group>"; };
		60B31AD11D78AE2C001755E1 /* MaterialView.swift */ = {isa = PBXFileReference; fileEncoding = 4; lastKnownFileType = sourcecode.swift; path = MaterialView.swift; sourceTree = "<group>"; };
		60B31AD31D78B002001755E1 /* ItemCell.swift */ = {isa = PBXFileReference; fileEncoding = 4; lastKnownFileType = sourcecode.swift; path = ItemCell.swift; sourceTree = "<group>"; };
		60C981C41D78CFCE003F5679 /* ItemDetailsVC.swift */ = {isa = PBXFileReference; fileEncoding = 4; lastKnownFileType = sourcecode.swift; path = ItemDetailsVC.swift; sourceTree = "<group>"; };
		60C981C61D78D273003F5679 /* CustomTextField.swift */ = {isa = PBXFileReference; fileEncoding = 4; lastKnownFileType = sourcecode.swift; path = CustomTextField.swift; sourceTree = "<group>"; };
/* End PBXFileReference section */

/* Begin PBXFrameworksBuildPhase section */
		60B31AA31D78A562001755E1 /* Frameworks */ = {
			isa = PBXFrameworksBuildPhase;
			buildActionMask = 2147483647;
			files = (
			);
			runOnlyForDeploymentPostprocessing = 0;
		};
/* End PBXFrameworksBuildPhase section */

/* Begin PBXGroup section */
		60B31A9D1D78A562001755E1 = {
			isa = PBXGroup;
			children = (
				60B31AA81D78A562001755E1 /* DreamLister */,
				60B31AA71D78A562001755E1 /* Products */,
			);
			sourceTree = "<group>";
		};
		60B31AA71D78A562001755E1 /* Products */ = {
			isa = PBXGroup;
			children = (
				60B31AA61D78A562001755E1 /* DreamLister.app */,
			);
			name = Products;
			sourceTree = "<group>";
		};
		60B31AA81D78A562001755E1 /* DreamLister */ = {
			isa = PBXGroup;
			children = (
				60C981C31D78CFAC003F5679 /* Controller */,
				60B31AD01D78AE18001755E1 /* View */,
				60B31ACE1D78A8E2001755E1 /* Model */,
				60B31AA91D78A563001755E1 /* AppDelegate.swift */,
				60B31AAD1D78A563001755E1 /* Main.storyboard */,
				60B31AB31D78A563001755E1 /* Assets.xcassets */,
				60B31AB51D78A563001755E1 /* LaunchScreen.storyboard */,
				60B31AB81D78A563001755E1 /* Info.plist */,
				60B31AB01D78A563001755E1 /* DreamLister.xcdatamodeld */,
			);
			path = DreamLister;
			sourceTree = "<group>";
		};
		60B31ACE1D78A8E2001755E1 /* Model */ = {
			isa = PBXGroup;
			children = (
				60B31ABE1D78A8DC001755E1 /* Image+CoreDataClass.swift */,
				60B31AC01D78A8DC001755E1 /* Store+CoreDataClass.swift */,
				60B31AC21D78A8DC001755E1 /* Item+CoreDataClass.swift */,
				60B31AC41D78A8DC001755E1 /* ItemType+CoreDataClass.swift */,
				60B31ACF1D78A8ED001755E1 /* Generated */,
			);
			name = Model;
			sourceTree = "<group>";
		};
		60B31ACF1D78A8ED001755E1 /* Generated */ = {
			isa = PBXGroup;
			children = (
				60B31ABF1D78A8DC001755E1 /* Image+CoreDataProperties.swift */,
				60B31AC11D78A8DC001755E1 /* Store+CoreDataProperties.swift */,
				60B31AC31D78A8DC001755E1 /* Item+CoreDataProperties.swift */,
				60B31AC51D78A8DC001755E1 /* ItemType+CoreDataProperties.swift */,
			);
			name = Generated;
			sourceTree = "<group>";
		};
		60B31AD01D78AE18001755E1 /* View */ = {
			isa = PBXGroup;
			children = (
				60C981C61D78D273003F5679 /* CustomTextField.swift */,
				60B31AD11D78AE2C001755E1 /* MaterialView.swift */,
				60B31AD31D78B002001755E1 /* ItemCell.swift */,
			);
			name = View;
			sourceTree = "<group>";
		};
		60C981C31D78CFAC003F5679 /* Controller */ = {
			isa = PBXGroup;
			children = (
				60B31AAB1D78A563001755E1 /* MainVC.swift */,
				60C981C41D78CFCE003F5679 /* ItemDetailsVC.swift */,
			);
			name = Controller;
			sourceTree = "<group>";
		};
/* End PBXGroup section */

/* Begin PBXNativeTarget section */
		60B31AA51D78A562001755E1 /* DreamLister */ = {
			isa = PBXNativeTarget;
			buildConfigurationList = 60B31ABB1D78A563001755E1 /* Build configuration list for PBXNativeTarget "DreamLister" */;
			buildPhases = (
				60B31AA21D78A562001755E1 /* Sources */,
				60B31AA31D78A562001755E1 /* Frameworks */,
				60B31AA41D78A562001755E1 /* Resources */,
			);
			buildRules = (
			);
			dependencies = (
			);
			name = DreamLister;
			productName = DreamLister;
			productReference = 60B31AA61D78A562001755E1 /* DreamLister.app */;
			productType = "com.apple.product-type.application";
		};
/* End PBXNativeTarget section */

/* Begin PBXProject section */
		60B31A9E1D78A562001755E1 /* Project object */ = {
			isa = PBXProject;
			attributes = {
				LastSwiftUpdateCheck = 0800;
				LastUpgradeCheck = 0800;
				ORGANIZATIONNAME = "Mago Nicolas Palacios";
				TargetAttributes = {
					60B31AA51D78A562001755E1 = {
						CreatedOnToolsVersion = 8.0;
						DevelopmentTeam = LQHQ845W9M;
						ProvisioningStyle = Automatic;
					};
				};
			};
			buildConfigurationList = 60B31AA11D78A562001755E1 /* Build configuration list for PBXProject "DreamLister" */;
			compatibilityVersion = "Xcode 3.2";
			developmentRegion = English;
			hasScannedForEncodings = 0;
			knownRegions = (
				en,
				Base,
			);
			mainGroup = 60B31A9D1D78A562001755E1;
			productRefGroup = 60B31AA71D78A562001755E1 /* Products */;
			projectDirPath = "";
			projectRoot = "";
			targets = (
				60B31AA51D78A562001755E1 /* DreamLister */,
			);
		};
/* End PBXProject section */

/* Begin PBXResourcesBuildPhase section */
		60B31AA41D78A562001755E1 /* Resources */ = {
			isa = PBXResourcesBuildPhase;
			buildActionMask = 2147483647;
			files = (
				60B31AB71D78A563001755E1 /* LaunchScreen.storyboard in Resources */,
				60B31AB41D78A563001755E1 /* Assets.xcassets in Resources */,
				60B31AAF1D78A563001755E1 /* Main.storyboard in Resources */,
			);
			runOnlyForDeploymentPostprocessing = 0;
		};
/* End PBXResourcesBuildPhase section */

/* Begin PBXSourcesBuildPhase section */
		60B31AA21D78A562001755E1 /* Sources */ = {
			isa = PBXSourcesBuildPhase;
			buildActionMask = 2147483647;
			files = (
				60B31AD41D78B002001755E1 /* ItemCell.swift in Sources */,
				60B31AAC1D78A563001755E1 /* MainVC.swift in Sources */,
				60B31AC81D78A8DC001755E1 /* Store+CoreDataClass.swift in Sources */,
				60B31ACC1D78A8DC001755E1 /* ItemType+CoreDataClass.swift in Sources */,
				60B31AD21D78AE2C001755E1 /* MaterialView.swift in Sources */,
				60B31AC71D78A8DC001755E1 /* Image+CoreDataProperties.swift in Sources */,
				60B31AAA1D78A563001755E1 /* AppDelegate.swift in Sources */,
				60B31AC91D78A8DC001755E1 /* Store+CoreDataProperties.swift in Sources */,
				60C981C51D78CFCE003F5679 /* ItemDetailsVC.swift in Sources */,
				60B31AB21D78A563001755E1 /* DreamLister.xcdatamodeld in Sources */,
				60B31ACD1D78A8DC001755E1 /* ItemType+CoreDataProperties.swift in Sources */,
				60B31ACB1D78A8DC001755E1 /* Item+CoreDataProperties.swift in Sources */,
				60B31ACA1D78A8DC001755E1 /* Item+CoreDataClass.swift in Sources */,
				60B31AC61D78A8DC001755E1 /* Image+CoreDataClass.swift in Sources */,
				60C981C71D78D273003F5679 /* CustomTextField.swift in Sources */,
			);
			runOnlyForDeploymentPostprocessing = 0;
		};
/* End PBXSourcesBuildPhase section */

/* Begin PBXVariantGroup section */
		60B31AAD1D78A563001755E1 /* Main.storyboard */ = {
			isa = PBXVariantGroup;
			children = (
				60B31AAE1D78A563001755E1 /* Base */,
			);
			name = Main.storyboard;
			sourceTree = "<group>";
		};
		60B31AB51D78A563001755E1 /* LaunchScreen.storyboard */ = {
			isa = PBXVariantGroup;
			children = (
				60B31AB61D78A563001755E1 /* Base */,
			);
			name = LaunchScreen.storyboard;
			sourceTree = "<group>";
		};
/* End PBXVariantGroup section */

/* Begin XCBuildConfiguration section */
		60B31AB91D78A563001755E1 /* Debug */ = {
			isa = XCBuildConfiguration;
			buildSettings = {
				ALWAYS_SEARCH_USER_PATHS = NO;
				CLANG_ANALYZER_NONNULL = YES;
				CLANG_CXX_LANGUAGE_STANDARD = "gnu++0x";
				CLANG_CXX_LIBRARY = "libc++";
				CLANG_ENABLE_MODULES = YES;
				CLANG_ENABLE_OBJC_ARC = YES;
				CLANG_WARN_BOOL_CONVERSION = YES;
				CLANG_WARN_CONSTANT_CONVERSION = YES;
				CLANG_WARN_DIRECT_OBJC_ISA_USAGE = YES_ERROR;
				CLANG_WARN_DOCUMENTATION_COMMENTS = YES;
				CLANG_WARN_EMPTY_BODY = YES;
				CLANG_WARN_ENUM_CONVERSION = YES;
				CLANG_WARN_INFINITE_RECURSION = YES;
				CLANG_WARN_INT_CONVERSION = YES;
				CLANG_WARN_OBJC_ROOT_CLASS = YES_ERROR;
				CLANG_WARN_SUSPICIOUS_MOVES = YES;
				CLANG_WARN_UNREACHABLE_CODE = YES;
				CLANG_WARN__DUPLICATE_METHOD_MATCH = YES;
				"CODE_SIGN_IDENTITY[sdk=iphoneos*]" = "iPhone Developer";
				COPY_PHASE_STRIP = NO;
				DEBUG_INFORMATION_FORMAT = dwarf;
				ENABLE_STRICT_OBJC_MSGSEND = YES;
				ENABLE_TESTABILITY = YES;
				GCC_C_LANGUAGE_STANDARD = gnu99;
				GCC_DYNAMIC_NO_PIC = NO;
				GCC_NO_COMMON_BLOCKS = YES;
				GCC_OPTIMIZATION_LEVEL = 0;
				GCC_PREPROCESSOR_DEFINITIONS = (
					"DEBUG=1",
					"$(inherited)",
				);
				GCC_WARN_64_TO_32_BIT_CONVERSION = YES;
				GCC_WARN_ABOUT_RETURN_TYPE = YES_ERROR;
				GCC_WARN_UNDECLARED_SELECTOR = YES;
				GCC_WARN_UNINITIALIZED_AUTOS = YES_AGGRESSIVE;
				GCC_WARN_UNUSED_FUNCTION = YES;
				GCC_WARN_UNUSED_VARIABLE = YES;
				IPHONEOS_DEPLOYMENT_TARGET = 10.0;
				MTL_ENABLE_DEBUG_INFO = YES;
				ONLY_ACTIVE_ARCH = YES;
				SDKROOT = iphoneos;
				SWIFT_ACTIVE_COMPILATION_CONDITIONS = DEBUG;
				SWIFT_OPTIMIZATION_LEVEL = "-Onone";
				TARGETED_DEVICE_FAMILY = "1,2";
			};
			name = Debug;
		};
		60B31ABA1D78A563001755E1 /* Release */ = {
			isa = XCBuildConfiguration;
			buildSettings = {
				ALWAYS_SEARCH_USER_PATHS = NO;
				CLANG_ANALYZER_NONNULL = YES;
				CLANG_CXX_LANGUAGE_STANDARD = "gnu++0x";
				CLANG_CXX_LIBRARY = "libc++";
				CLANG_ENABLE_MODULES = YES;
				CLANG_ENABLE_OBJC_ARC = YES;
				CLANG_WARN_BOOL_CONVERSION = YES;
				CLANG_WARN_CONSTANT_CONVERSION = YES;
				CLANG_WARN_DIRECT_OBJC_ISA_USAGE = YES_ERROR;
				CLANG_WARN_DOCUMENTATION_COMMENTS = YES;
				CLANG_WARN_EMPTY_BODY = YES;
				CLANG_WARN_ENUM_CONVERSION = YES;
				CLANG_WARN_INFINITE_RECURSION = YES;
				CLANG_WARN_INT_CONVERSION = YES;
				CLANG_WARN_OBJC_ROOT_CLASS = YES_ERROR;
				CLANG_WARN_SUSPICIOUS_MOVES = YES;
				CLANG_WARN_UNREACHABLE_CODE = YES;
				CLANG_WARN__DUPLICATE_METHOD_MATCH = YES;
				"CODE_SIGN_IDENTITY[sdk=iphoneos*]" = "iPhone Developer";
				COPY_PHASE_STRIP = NO;
				DEBUG_INFORMATION_FORMAT = "dwarf-with-dsym";
				ENABLE_NS_ASSERTIONS = NO;
				ENABLE_STRICT_OBJC_MSGSEND = YES;
				GCC_C_LANGUAGE_STANDARD = gnu99;
				GCC_NO_COMMON_BLOCKS = YES;
				GCC_WARN_64_TO_32_BIT_CONVERSION = YES;
				GCC_WARN_ABOUT_RETURN_TYPE = YES_ERROR;
				GCC_WARN_UNDECLARED_SELECTOR = YES;
				GCC_WARN_UNINITIALIZED_AUTOS = YES_AGGRESSIVE;
				GCC_WARN_UNUSED_FUNCTION = YES;
				GCC_WARN_UNUSED_VARIABLE = YES;
				IPHONEOS_DEPLOYMENT_TARGET = 10.0;
				MTL_ENABLE_DEBUG_INFO = NO;
				SDKROOT = iphoneos;
				SWIFT_OPTIMIZATION_LEVEL = "-Owholemodule";
				TARGETED_DEVICE_FAMILY = "1,2";
				VALIDATE_PRODUCT = YES;
			};
			name = Release;
		};
		60B31ABC1D78A563001755E1 /* Debug */ = {
			isa = XCBuildConfiguration;
			buildSettings = {
				ASSETCATALOG_COMPILER_APPICON_NAME = AppIcon;
				DEVELOPMENT_TEAM = LQHQ845W9M;
				INFOPLIST_FILE = DreamLister/Info.plist;
				LD_RUNPATH_SEARCH_PATHS = "$(inherited) @executable_path/Frameworks";
				PRODUCT_BUNDLE_IDENTIFIER = com.epigames.DreamLister;
				PRODUCT_NAME = "$(TARGET_NAME)";
				SWIFT_VERSION = 3.0;
			};
			name = Debug;
		};
		60B31ABD1D78A563001755E1 /* Release */ = {
			isa = XCBuildConfiguration;
			buildSettings = {
				ASSETCATALOG_COMPILER_APPICON_NAME = AppIcon;
				DEVELOPMENT_TEAM = LQHQ845W9M;
				INFOPLIST_FILE = DreamLister/Info.plist;
				LD_RUNPATH_SEARCH_PATHS = "$(inherited) @executable_path/Frameworks";
				PRODUCT_BUNDLE_IDENTIFIER = com.epigames.DreamLister;
				PRODUCT_NAME = "$(TARGET_NAME)";
				SWIFT_VERSION = 3.0;
			};
			name = Release;
		};
/* End XCBuildConfiguration section */

/* Begin XCConfigurationList section */
		60B31AA11D78A562001755E1 /* Build configuration list for PBXProject "DreamLister" */ = {
			isa = XCConfigurationList;
			buildConfigurations = (
				60B31AB91D78A563001755E1 /* Debug */,
				60B31ABA1D78A563001755E1 /* Release */,
			);
			defaultConfigurationIsVisible = 0;
			defaultConfigurationName = Release;
		};
		60B31ABB1D78A563001755E1 /* Build configuration list for PBXNativeTarget "DreamLister" */ = {
			isa = XCConfigurationList;
			buildConfigurations = (
				60B31ABC1D78A563001755E1 /* Debug */,
				60B31ABD1D78A563001755E1 /* Release */,
			);
			defaultConfigurationIsVisible = 0;
			defaultConfigurationName = Release;
		};
/* End XCConfigurationList section */

/* Begin XCVersionGroup section */
		60B31AB01D78A563001755E1 /* DreamLister.xcdatamodeld */ = {
			isa = XCVersionGroup;
			children = (
				60B31AB11D78A563001755E1 /* DreamLister.xcdatamodel */,
			);
			currentVersion = 60B31AB11D78A563001755E1 /* DreamLister.xcdatamodel */;
			path = DreamLister.xcdatamodeld;
			sourceTree = "<group>";
			versionGroupType = wrapper.xcdatamodel;
		};
/* End XCVersionGroup section */
	};
	rootObject = 60B31A9E1D78A562001755E1 /* Project object */;
}
